
Microsoft Visual Studio Solution File, Format Version 12.00
# Visual Studio 15
VisualStudioVersion = 15.0.27703.2042
MinimumVisualStudioVersion = 10.0.40219.1
Project("{FAE04EC0-301F-11D3-BF4B-00C04F79EFBC}") = "BorderlandsCommandInjectorExample", "BorderlandsCommandInjectorExample\BorderlandsCommandInjectorExample.csproj", "{5BA7A301-C016-43C4-9420-1657A584559F}"
EndProject
Global
	GlobalSection(SolutionConfigurationPlatforms) = preSolution
		Debug|Any CPU = Debug|Any CPU
		Release|Any CPU = Release|Any CPU
	EndGlobalSection
	GlobalSection(ProjectConfigurationPlatforms) = postSolution
		{5BA7A301-C016-43C4-9420-1657A584559F}.Debug|Any CPU.ActiveCfg = Debug|Any CPU
		{5BA7A301-C016-43C4-9420-1657A584559F}.Debug|Any CPU.Build.0 = Debug|Any CPU
		{5BA7A301-C016-43C4-9420-1657A584559F}.Release|Any CPU.ActiveCfg = Release|Any CPU
		{5BA7A301-C016-43C4-9420-1657A584559F}.Release|Any CPU.Build.0 = Release|Any CPU
	EndGlobalSection
	GlobalSection(SolutionProperties) = preSolution
		HideSolutionNode = FALSE
	EndGlobalSection
	GlobalSection(ExtensibilityGlobals) = postSolution
		SolutionGuid = {DCDB6E3B-D155-45A4-B651-40EA823E1A01}
	EndGlobalSection
EndGlobal
