
Microsoft Visual Studio Solution File, Format Version 12.00
# Visual Studio Version 16
VisualStudioVersion = 16.0.28803.156
MinimumVisualStudioVersion = 10.0.40219.1
Project("{FAE04EC0-301F-11D3-BF4B-00C04F79EFBC}") = "BorderlandsCommandInjectorExample", "BorderlandsCommandInjectorExample\BorderlandsCommandInjectorExample.csproj", "{5BA7A301-C016-43C4-9420-1657A584559F}"
EndProject
Project("{8BC9CEB8-8B4A-11D0-8D11-00A0C91BC942}") = "Borderlands Dumper", "Borderlands Dumper\Borderlands Dumper.vcxproj", "{69B50A7C-5C61-4D78-BF54-31314B4FAE2F}"
EndProject
Global
	GlobalSection(SolutionConfigurationPlatforms) = preSolution
		Debug|Any CPU = Debug|Any CPU
		Debug|x64 = Debug|x64
		Debug|x86 = Debug|x86
		DebugTPS|Any CPU = DebugTPS|Any CPU
		DebugTPS|x64 = DebugTPS|x64
		DebugTPS|x86 = DebugTPS|x86
		Release|Any CPU = Release|Any CPU
		Release|x64 = Release|x64
		Release|x86 = Release|x86
		ReleaseTPS|Any CPU = ReleaseTPS|Any CPU
		ReleaseTPS|x64 = ReleaseTPS|x64
		ReleaseTPS|x86 = ReleaseTPS|x86
	EndGlobalSection
	GlobalSection(ProjectConfigurationPlatforms) = postSolution
		{5BA7A301-C016-43C4-9420-1657A584559F}.Debug|Any CPU.ActiveCfg = Debug|Any CPU
		{5BA7A301-C016-43C4-9420-1657A584559F}.Debug|Any CPU.Build.0 = Debug|Any CPU
		{5BA7A301-C016-43C4-9420-1657A584559F}.Debug|x64.ActiveCfg = Debug|Any CPU
		{5BA7A301-C016-43C4-9420-1657A584559F}.Debug|x64.Build.0 = Debug|Any CPU
		{5BA7A301-C016-43C4-9420-1657A584559F}.Debug|x86.ActiveCfg = Debug|Any CPU
		{5BA7A301-C016-43C4-9420-1657A584559F}.Debug|x86.Build.0 = Debug|Any CPU
		{5BA7A301-C016-43C4-9420-1657A584559F}.DebugTPS|Any CPU.ActiveCfg = Debug|Any CPU
		{5BA7A301-C016-43C4-9420-1657A584559F}.DebugTPS|Any CPU.Build.0 = Debug|Any CPU
		{5BA7A301-C016-43C4-9420-1657A584559F}.DebugTPS|x64.ActiveCfg = Debug|Any CPU
		{5BA7A301-C016-43C4-9420-1657A584559F}.DebugTPS|x64.Build.0 = Debug|Any CPU
		{5BA7A301-C016-43C4-9420-1657A584559F}.DebugTPS|x86.ActiveCfg = Debug|Any CPU
		{5BA7A301-C016-43C4-9420-1657A584559F}.DebugTPS|x86.Build.0 = Debug|Any CPU
		{5BA7A301-C016-43C4-9420-1657A584559F}.Release|Any CPU.ActiveCfg = Release|Any CPU
		{5BA7A301-C016-43C4-9420-1657A584559F}.Release|Any CPU.Build.0 = Release|Any CPU
		{5BA7A301-C016-43C4-9420-1657A584559F}.Release|x64.ActiveCfg = Release|Any CPU
		{5BA7A301-C016-43C4-9420-1657A584559F}.Release|x64.Build.0 = Release|Any CPU
		{5BA7A301-C016-43C4-9420-1657A584559F}.Release|x86.ActiveCfg = Release|Any CPU
		{5BA7A301-C016-43C4-9420-1657A584559F}.Release|x86.Build.0 = Release|Any CPU
		{5BA7A301-C016-43C4-9420-1657A584559F}.ReleaseTPS|Any CPU.ActiveCfg = Release|Any CPU
		{5BA7A301-C016-43C4-9420-1657A584559F}.ReleaseTPS|Any CPU.Build.0 = Release|Any CPU
		{5BA7A301-C016-43C4-9420-1657A584559F}.ReleaseTPS|x64.ActiveCfg = Release|Any CPU
		{5BA7A301-C016-43C4-9420-1657A584559F}.ReleaseTPS|x64.Build.0 = Release|Any CPU
		{5BA7A301-C016-43C4-9420-1657A584559F}.ReleaseTPS|x86.ActiveCfg = Release|Any CPU
		{5BA7A301-C016-43C4-9420-1657A584559F}.ReleaseTPS|x86.Build.0 = Release|Any CPU
		{69B50A7C-5C61-4D78-BF54-31314B4FAE2F}.Debug|Any CPU.ActiveCfg = Debug|Win32
		{69B50A7C-5C61-4D78-BF54-31314B4FAE2F}.Debug|x64.ActiveCfg = Debug|x64
		{69B50A7C-5C61-4D78-BF54-31314B4FAE2F}.Debug|x64.Build.0 = Debug|x64
		{69B50A7C-5C61-4D78-BF54-31314B4FAE2F}.Debug|x86.ActiveCfg = Debug|Win32
		{69B50A7C-5C61-4D78-BF54-31314B4FAE2F}.Debug|x86.Build.0 = Debug|Win32
		{69B50A7C-5C61-4D78-BF54-31314B4FAE2F}.DebugTPS|Any CPU.ActiveCfg = Release|x64
		{69B50A7C-5C61-4D78-BF54-31314B4FAE2F}.DebugTPS|Any CPU.Build.0 = Release|x64
		{69B50A7C-5C61-4D78-BF54-31314B4FAE2F}.DebugTPS|x64.ActiveCfg = Debug|x64
		{69B50A7C-5C61-4D78-BF54-31314B4FAE2F}.DebugTPS|x64.Build.0 = Debug|x64
		{69B50A7C-5C61-4D78-BF54-31314B4FAE2F}.DebugTPS|x86.ActiveCfg = Debug|Win32
		{69B50A7C-5C61-4D78-BF54-31314B4FAE2F}.DebugTPS|x86.Build.0 = Debug|Win32
		{69B50A7C-5C61-4D78-BF54-31314B4FAE2F}.Release|Any CPU.ActiveCfg = Release|Win32
		{69B50A7C-5C61-4D78-BF54-31314B4FAE2F}.Release|x64.ActiveCfg = Release|x64
		{69B50A7C-5C61-4D78-BF54-31314B4FAE2F}.Release|x64.Build.0 = Release|x64
		{69B50A7C-5C61-4D78-BF54-31314B4FAE2F}.Release|x86.ActiveCfg = Release|Win32
		{69B50A7C-5C61-4D78-BF54-31314B4FAE2F}.Release|x86.Build.0 = Release|Win32
		{69B50A7C-5C61-4D78-BF54-31314B4FAE2F}.ReleaseTPS|Any CPU.ActiveCfg = Release|x64
		{69B50A7C-5C61-4D78-BF54-31314B4FAE2F}.ReleaseTPS|Any CPU.Build.0 = Release|x64
		{69B50A7C-5C61-4D78-BF54-31314B4FAE2F}.ReleaseTPS|x64.ActiveCfg = Release|x64
		{69B50A7C-5C61-4D78-BF54-31314B4FAE2F}.ReleaseTPS|x64.Build.0 = Release|x64
		{69B50A7C-5C61-4D78-BF54-31314B4FAE2F}.ReleaseTPS|x86.ActiveCfg = Release|Win32
		{69B50A7C-5C61-4D78-BF54-31314B4FAE2F}.ReleaseTPS|x86.Build.0 = Release|Win32
	EndGlobalSection
	GlobalSection(SolutionProperties) = preSolution
		HideSolutionNode = FALSE
	EndGlobalSection
	GlobalSection(ExtensibilityGlobals) = postSolution
		SolutionGuid = {DCDB6E3B-D155-45A4-B651-40EA823E1A01}
	EndGlobalSection
EndGlobal
